// !$*UTF8*$!
{
	archiveVersion = 1;
	classes = {
	};
	objectVersion = 56;
	objects = {

/* Begin PBXBuildFile section */
		F04603892BF1C0E500F4AFE3 /* AppDelegate.swift in Sources */ = {isa = PBXBuildFile; fileRef = F0D5903D2BEA3FD100EB8133 /* AppDelegate.swift */; };
		F04603922BF1CD2700F4AFE3 /* Main.storyboard in Resources */ = {isa = PBXBuildFile; fileRef = F04603912BF1CD2700F4AFE3 /* Main.storyboard */; };
		F04603942BF1D47200F4AFE3 /* ListModule in Resources */ = {isa = PBXBuildFile; fileRef = F04603932BF1D47200F4AFE3 /* ListModule */; };
		F054B0302BEBDA5700912D1B /* DetailsViewDelegate in Frameworks */ = {isa = PBXBuildFile; productRef = F054B02F2BEBDA5700912D1B /* DetailsViewDelegate */; };
		F054B0342BECD7BB00912D1B /* Common in Frameworks */ = {isa = PBXBuildFile; productRef = F054B0332BECD7BB00912D1B /* Common */; };
		F054B0362BECF70B00912D1B /* ListModule in Frameworks */ = {isa = PBXBuildFile; productRef = F054B0352BECF70B00912D1B /* ListModule */; };
		F054B0382BED25A100912D1B /* AppNavigation.swift in Sources */ = {isa = PBXBuildFile; fileRef = F054B0372BED25A100912D1B /* AppNavigation.swift */; };
		F0769E602BEB9138003DA2A0 /* DetailModule in Frameworks */ = {isa = PBXBuildFile; productRef = F0769E5F2BEB9138003DA2A0 /* DetailModule */; };
		F0769E642BEB9138003DA2A0 /* Entities in Frameworks */ = {isa = PBXBuildFile; productRef = F0769E632BEB9138003DA2A0 /* Entities */; };
		F0769E742BEBAB04003DA2A0 /* Data in Frameworks */ = {isa = PBXBuildFile; productRef = F0769E732BEBAB04003DA2A0 /* Data */; };
		F095C6B02BF18F39009B6F05 /* AppLoad.swift in Sources */ = {isa = PBXBuildFile; fileRef = F095C6AF2BF18F39009B6F05 /* AppLoad.swift */; };
		F0D5904A2BEA3FD200EB8133 /* Assets.xcassets in Resources */ = {isa = PBXBuildFile; fileRef = F0D590492BEA3FD200EB8133 /* Assets.xcassets */; };
		F0D5904D2BEA3FD200EB8133 /* Base in Resources */ = {isa = PBXBuildFile; fileRef = F0D5904C2BEA3FD200EB8133 /* Base */; };
		F0D590F42BEB864400EB8133 /* Utils in Frameworks */ = {isa = PBXBuildFile; productRef = F0D590F32BEB864400EB8133 /* Utils */; };
/* End PBXBuildFile section */

/* Begin PBXFileReference section */
		F04603912BF1CD2700F4AFE3 /* Main.storyboard */ = {isa = PBXFileReference; fileEncoding = 4; lastKnownFileType = file.storyboard; path = Main.storyboard; sourceTree = "<group>"; };
		F04603932BF1D47200F4AFE3 /* ListModule */ = {isa = PBXFileReference; lastKnownFileType = wrapper; path = ListModule; sourceTree = "<group>"; };
		F054B0322BEC1E1F00912D1B /* Common */ = {isa = PBXFileReference; lastKnownFileType = wrapper; path = Common; sourceTree = "<group>"; };
		F054B0372BED25A100912D1B /* AppNavigation.swift */ = {isa = PBXFileReference; fileEncoding = 4; lastKnownFileType = sourcecode.swift; path = AppNavigation.swift; sourceTree = "<group>"; };
		F0769E5C2BEB8A95003DA2A0 /* DetailModule */ = {isa = PBXFileReference; lastKnownFileType = wrapper; path = DetailModule; sourceTree = "<group>"; };
		F0769E722BEBAA60003DA2A0 /* Data */ = {isa = PBXFileReference; lastKnownFileType = wrapper; path = Data; sourceTree = "<group>"; };
		F095C6AF2BF18F39009B6F05 /* AppLoad.swift */ = {isa = PBXFileReference; lastKnownFileType = sourcecode.swift; path = AppLoad.swift; sourceTree = "<group>"; };
		F0D5903A2BEA3FD100EB8133 /* Universities.app */ = {isa = PBXFileReference; explicitFileType = wrapper.application; includeInIndex = 0; path = Universities.app; sourceTree = BUILT_PRODUCTS_DIR; };
		F0D5903D2BEA3FD100EB8133 /* AppDelegate.swift */ = {isa = PBXFileReference; lastKnownFileType = sourcecode.swift; path = AppDelegate.swift; sourceTree = "<group>"; };
		F0D590492BEA3FD200EB8133 /* Assets.xcassets */ = {isa = PBXFileReference; lastKnownFileType = folder.assetcatalog; path = Assets.xcassets; sourceTree = "<group>"; };
		F0D5904C2BEA3FD200EB8133 /* Base */ = {isa = PBXFileReference; lastKnownFileType = file.storyboard; name = Base; path = Base.lproj/LaunchScreen.storyboard; sourceTree = "<group>"; };
		F0D5904E2BEA3FD200EB8133 /* Info.plist */ = {isa = PBXFileReference; lastKnownFileType = text.plist.xml; path = Info.plist; sourceTree = "<group>"; };
		F0D590EF2BEB7DFC00EB8133 /* Domain */ = {isa = PBXFileReference; lastKnownFileType = wrapper; path = Domain; sourceTree = "<group>"; };
		F0D590F22BEB85CC00EB8133 /* Utils */ = {isa = PBXFileReference; lastKnownFileType = wrapper; path = Utils; sourceTree = "<group>"; };
/* End PBXFileReference section */

/* Begin PBXFrameworksBuildPhase section */
		F0D590372BEA3FD100EB8133 /* Frameworks */ = {
			isa = PBXFrameworksBuildPhase;
			buildActionMask = 2147483647;
			files = (
				F0D590F42BEB864400EB8133 /* Utils in Frameworks */,
				F054B0302BEBDA5700912D1B /* DetailsViewDelegate in Frameworks */,
				F0769E602BEB9138003DA2A0 /* DetailModule in Frameworks */,
				F054B0362BECF70B00912D1B /* ListModule in Frameworks */,
				F0769E642BEB9138003DA2A0 /* Entities in Frameworks */,
				F0769E742BEBAB04003DA2A0 /* Data in Frameworks */,
				F054B0342BECD7BB00912D1B /* Common in Frameworks */,
			);
			runOnlyForDeploymentPostprocessing = 0;
		};
/* End PBXFrameworksBuildPhase section */

/* Begin PBXGroup section */
		F0D590312BEA3FD100EB8133 = {
			isa = PBXGroup;
			children = (
				F0D5903C2BEA3FD100EB8133 /* Universities */,
				F0D5903B2BEA3FD100EB8133 /* Products */,
				F0D590EC2BEB7B6300EB8133 /* Frameworks */,
			);
			sourceTree = "<group>";
		};
		F0D5903B2BEA3FD100EB8133 /* Products */ = {
			isa = PBXGroup;
			children = (
				F0D5903A2BEA3FD100EB8133 /* Universities.app */,
			);
			name = Products;
			sourceTree = "<group>";
		};
		F0D5903C2BEA3FD100EB8133 /* Universities */ = {
			isa = PBXGroup;
			children = (
				F0D590982BEA543100EB8133 /* Modules */,
				F0D590732BEA507300EB8133 /* Utils */,
				F0D5906E2BEA503400EB8133 /* Application */,
				F0D5905A2BEA40B000EB8133 /* Data */,
				F0D590672BEA41A000EB8133 /* Domain */,
				F0D590542BEA401F00EB8133 /* SupportingFiles */,
			);
			path = Universities;
			sourceTree = "<group>";
		};
		F0D590542BEA401F00EB8133 /* SupportingFiles */ = {
			isa = PBXGroup;
			children = (
				F0D5903D2BEA3FD100EB8133 /* AppDelegate.swift */,
				F04603912BF1CD2700F4AFE3 /* Main.storyboard */,
				F0D590492BEA3FD200EB8133 /* Assets.xcassets */,
				F0D5904B2BEA3FD200EB8133 /* LaunchScreen.storyboard */,
				F0D5904E2BEA3FD200EB8133 /* Info.plist */,
			);
			path = SupportingFiles;
			sourceTree = "<group>";
		};
		F0D5905A2BEA40B000EB8133 /* Data */ = {
			isa = PBXGroup;
			children = (
				F0769E722BEBAA60003DA2A0 /* Data */,
			);
			path = Data;
			sourceTree = "<group>";
		};
		F0D590672BEA41A000EB8133 /* Domain */ = {
			isa = PBXGroup;
			children = (
				F0D590EF2BEB7DFC00EB8133 /* Domain */,
			);
			path = Domain;
			sourceTree = "<group>";
		};
		F0D5906E2BEA503400EB8133 /* Application */ = {
			isa = PBXGroup;
			children = (
				F054B0372BED25A100912D1B /* AppNavigation.swift */,
				F095C6AF2BF18F39009B6F05 /* AppLoad.swift */,
			);
			path = Application;
			sourceTree = "<group>";
		};
		F0D590732BEA507300EB8133 /* Utils */ = {
			isa = PBXGroup;
			children = (
				F0D590F22BEB85CC00EB8133 /* Utils */,
			);
			path = Utils;
			sourceTree = "<group>";
		};
		F0D590982BEA543100EB8133 /* Modules */ = {
			isa = PBXGroup;
			children = (
				F04603932BF1D47200F4AFE3 /* ListModule */,
				F054B0322BEC1E1F00912D1B /* Common */,
				F0769E5C2BEB8A95003DA2A0 /* DetailModule */,
			);
			path = Modules;
			sourceTree = "<group>";
		};
		F0D590EC2BEB7B6300EB8133 /* Frameworks */ = {
			isa = PBXGroup;
			children = (
			);
			name = Frameworks;
			sourceTree = "<group>";
		};
/* End PBXGroup section */

/* Begin PBXNativeTarget section */
		F0D590392BEA3FD100EB8133 /* Universities */ = {
			isa = PBXNativeTarget;
			buildConfigurationList = F0D590512BEA3FD200EB8133 /* Build configuration list for PBXNativeTarget "Universities" */;
			buildPhases = (
				F0D590362BEA3FD100EB8133 /* Sources */,
				F0D590372BEA3FD100EB8133 /* Frameworks */,
				F0D590382BEA3FD100EB8133 /* Resources */,
			);
			buildRules = (
			);
			dependencies = (
			);
			name = Universities;
			packageProductDependencies = (
				F0D590F32BEB864400EB8133 /* Utils */,
				F0769E5F2BEB9138003DA2A0 /* DetailModule */,
				F0769E632BEB9138003DA2A0 /* Entities */,
				F0769E732BEBAB04003DA2A0 /* Data */,
				F054B02F2BEBDA5700912D1B /* DetailsViewDelegate */,
				F054B0332BECD7BB00912D1B /* Common */,
				F054B0352BECF70B00912D1B /* ListModule */,
			);
			productName = Universities;
			productReference = F0D5903A2BEA3FD100EB8133 /* Universities.app */;
			productType = "com.apple.product-type.application";
		};
/* End PBXNativeTarget section */

/* Begin PBXProject section */
		F0D590322BEA3FD100EB8133 /* Project object */ = {
			isa = PBXProject;
			attributes = {
				BuildIndependentTargetsInParallel = 1;
				LastSwiftUpdateCheck = 1530;
				LastUpgradeCheck = 1530;
				TargetAttributes = {
					F0D590392BEA3FD100EB8133 = {
						CreatedOnToolsVersion = 15.3;
					};
				};
			};
			buildConfigurationList = F0D590352BEA3FD100EB8133 /* Build configuration list for PBXProject "Universities" */;
			compatibilityVersion = "Xcode 14.0";
			developmentRegion = en;
			hasScannedForEncodings = 0;
			knownRegions = (
				en,
				Base,
			);
			mainGroup = F0D590312BEA3FD100EB8133;
			packageReferences = (
			);
			productRefGroup = F0D5903B2BEA3FD100EB8133 /* Products */;
			projectDirPath = "";
			projectRoot = "";
			targets = (
				F0D590392BEA3FD100EB8133 /* Universities */,
			);
		};
/* End PBXProject section */

/* Begin PBXResourcesBuildPhase section */
		F0D590382BEA3FD100EB8133 /* Resources */ = {
			isa = PBXResourcesBuildPhase;
			buildActionMask = 2147483647;
			files = (
				F04603942BF1D47200F4AFE3 /* ListModule in Resources */,
				F04603922BF1CD2700F4AFE3 /* Main.storyboard in Resources */,
				F0D5904A2BEA3FD200EB8133 /* Assets.xcassets in Resources */,
				F0D5904D2BEA3FD200EB8133 /* Base in Resources */,
			);
			runOnlyForDeploymentPostprocessing = 0;
		};
/* End PBXResourcesBuildPhase section */

/* Begin PBXSourcesBuildPhase section */
		F0D590362BEA3FD100EB8133 /* Sources */ = {
			isa = PBXSourcesBuildPhase;
			buildActionMask = 2147483647;
			files = (
				F04603892BF1C0E500F4AFE3 /* AppDelegate.swift in Sources */,
				F095C6B02BF18F39009B6F05 /* AppLoad.swift in Sources */,
				F054B0382BED25A100912D1B /* AppNavigation.swift in Sources */,
			);
			runOnlyForDeploymentPostprocessing = 0;
		};
/* End PBXSourcesBuildPhase section */

/* Begin PBXVariantGroup section */
		F0D5904B2BEA3FD200EB8133 /* LaunchScreen.storyboard */ = {
			isa = PBXVariantGroup;
			children = (
				F0D5904C2BEA3FD200EB8133 /* Base */,
			);
			name = LaunchScreen.storyboard;
			sourceTree = "<group>";
		};
/* End PBXVariantGroup section */

/* Begin XCBuildConfiguration section */
		F0D5904F2BEA3FD200EB8133 /* Debug */ = {
			isa = XCBuildConfiguration;
			buildSettings = {
				ALWAYS_SEARCH_USER_PATHS = NO;
				ASSETCATALOG_COMPILER_GENERATE_SWIFT_ASSET_SYMBOL_EXTENSIONS = YES;
				CLANG_ANALYZER_NONNULL = YES;
				CLANG_ANALYZER_NUMBER_OBJECT_CONVERSION = YES_AGGRESSIVE;
				CLANG_CXX_LANGUAGE_STANDARD = "gnu++20";
				CLANG_ENABLE_MODULES = YES;
				CLANG_ENABLE_OBJC_ARC = YES;
				CLANG_ENABLE_OBJC_WEAK = YES;
				CLANG_WARN_BLOCK_CAPTURE_AUTORELEASING = YES;
				CLANG_WARN_BOOL_CONVERSION = YES;
				CLANG_WARN_COMMA = YES;
				CLANG_WARN_CONSTANT_CONVERSION = YES;
				CLANG_WARN_DEPRECATED_OBJC_IMPLEMENTATIONS = YES;
				CLANG_WARN_DIRECT_OBJC_ISA_USAGE = YES_ERROR;
				CLANG_WARN_DOCUMENTATION_COMMENTS = YES;
				CLANG_WARN_EMPTY_BODY = YES;
				CLANG_WARN_ENUM_CONVERSION = YES;
				CLANG_WARN_INFINITE_RECURSION = YES;
				CLANG_WARN_INT_CONVERSION = YES;
				CLANG_WARN_NON_LITERAL_NULL_CONVERSION = YES;
				CLANG_WARN_OBJC_IMPLICIT_RETAIN_SELF = YES;
				CLANG_WARN_OBJC_LITERAL_CONVERSION = YES;
				CLANG_WARN_OBJC_ROOT_CLASS = YES_ERROR;
				CLANG_WARN_QUOTED_INCLUDE_IN_FRAMEWORK_HEADER = YES;
				CLANG_WARN_RANGE_LOOP_ANALYSIS = YES;
				CLANG_WARN_STRICT_PROTOTYPES = YES;
				CLANG_WARN_SUSPICIOUS_MOVE = YES;
				CLANG_WARN_UNGUARDED_AVAILABILITY = YES_AGGRESSIVE;
				CLANG_WARN_UNREACHABLE_CODE = YES;
				CLANG_WARN__DUPLICATE_METHOD_MATCH = YES;
				COPY_PHASE_STRIP = NO;
				DEBUG_INFORMATION_FORMAT = dwarf;
				ENABLE_STRICT_OBJC_MSGSEND = YES;
				ENABLE_TESTABILITY = YES;
				ENABLE_USER_SCRIPT_SANDBOXING = YES;
				GCC_C_LANGUAGE_STANDARD = gnu17;
				GCC_DYNAMIC_NO_PIC = NO;
				GCC_NO_COMMON_BLOCKS = YES;
				GCC_OPTIMIZATION_LEVEL = 0;
				GCC_PREPROCESSOR_DEFINITIONS = (
					"DEBUG=1",
					"$(inherited)",
				);
				GCC_WARN_64_TO_32_BIT_CONVERSION = YES;
				GCC_WARN_ABOUT_RETURN_TYPE = YES_ERROR;
				GCC_WARN_UNDECLARED_SELECTOR = YES;
				GCC_WARN_UNINITIALIZED_AUTOS = YES_AGGRESSIVE;
				GCC_WARN_UNUSED_FUNCTION = YES;
				GCC_WARN_UNUSED_VARIABLE = YES;
				IPHONEOS_DEPLOYMENT_TARGET = 17.4;
				LOCALIZATION_PREFERS_STRING_CATALOGS = YES;
				MTL_ENABLE_DEBUG_INFO = INCLUDE_SOURCE;
				MTL_FAST_MATH = YES;
				ONLY_ACTIVE_ARCH = YES;
				SDKROOT = iphoneos;
				SWIFT_ACTIVE_COMPILATION_CONDITIONS = "DEBUG $(inherited)";
				SWIFT_OPTIMIZATION_LEVEL = "-Onone";
			};
			name = Debug;
		};
		F0D590502BEA3FD200EB8133 /* Release */ = {
			isa = XCBuildConfiguration;
			buildSettings = {
				ALWAYS_SEARCH_USER_PATHS = NO;
				ASSETCATALOG_COMPILER_GENERATE_SWIFT_ASSET_SYMBOL_EXTENSIONS = YES;
				CLANG_ANALYZER_NONNULL = YES;
				CLANG_ANALYZER_NUMBER_OBJECT_CONVERSION = YES_AGGRESSIVE;
				CLANG_CXX_LANGUAGE_STANDARD = "gnu++20";
				CLANG_ENABLE_MODULES = YES;
				CLANG_ENABLE_OBJC_ARC = YES;
				CLANG_ENABLE_OBJC_WEAK = YES;
				CLANG_WARN_BLOCK_CAPTURE_AUTORELEASING = YES;
				CLANG_WARN_BOOL_CONVERSION = YES;
				CLANG_WARN_COMMA = YES;
				CLANG_WARN_CONSTANT_CONVERSION = YES;
				CLANG_WARN_DEPRECATED_OBJC_IMPLEMENTATIONS = YES;
				CLANG_WARN_DIRECT_OBJC_ISA_USAGE = YES_ERROR;
				CLANG_WARN_DOCUMENTATION_COMMENTS = YES;
				CLANG_WARN_EMPTY_BODY = YES;
				CLANG_WARN_ENUM_CONVERSION = YES;
				CLANG_WARN_INFINITE_RECURSION = YES;
				CLANG_WARN_INT_CONVERSION = YES;
				CLANG_WARN_NON_LITERAL_NULL_CONVERSION = YES;
				CLANG_WARN_OBJC_IMPLICIT_RETAIN_SELF = YES;
				CLANG_WARN_OBJC_LITERAL_CONVERSION = YES;
				CLANG_WARN_OBJC_ROOT_CLASS = YES_ERROR;
				CLANG_WARN_QUOTED_INCLUDE_IN_FRAMEWORK_HEADER = YES;
				CLANG_WARN_RANGE_LOOP_ANALYSIS = YES;
				CLANG_WARN_STRICT_PROTOTYPES = YES;
				CLANG_WARN_SUSPICIOUS_MOVE = YES;
				CLANG_WARN_UNGUARDED_AVAILABILITY = YES_AGGRESSIVE;
				CLANG_WARN_UNREACHABLE_CODE = YES;
				CLANG_WARN__DUPLICATE_METHOD_MATCH = YES;
				COPY_PHASE_STRIP = NO;
				DEBUG_INFORMATION_FORMAT = "dwarf-with-dsym";
				ENABLE_NS_ASSERTIONS = NO;
				ENABLE_STRICT_OBJC_MSGSEND = YES;
				ENABLE_USER_SCRIPT_SANDBOXING = YES;
				GCC_C_LANGUAGE_STANDARD = gnu17;
				GCC_NO_COMMON_BLOCKS = YES;
				GCC_WARN_64_TO_32_BIT_CONVERSION = YES;
				GCC_WARN_ABOUT_RETURN_TYPE = YES_ERROR;
				GCC_WARN_UNDECLARED_SELECTOR = YES;
				GCC_WARN_UNINITIALIZED_AUTOS = YES_AGGRESSIVE;
				GCC_WARN_UNUSED_FUNCTION = YES;
				GCC_WARN_UNUSED_VARIABLE = YES;
				IPHONEOS_DEPLOYMENT_TARGET = 17.4;
				LOCALIZATION_PREFERS_STRING_CATALOGS = YES;
				MTL_ENABLE_DEBUG_INFO = NO;
				MTL_FAST_MATH = YES;
				SDKROOT = iphoneos;
				SWIFT_COMPILATION_MODE = wholemodule;
				VALIDATE_PRODUCT = YES;
			};
			name = Release;
		};
		F0D590522BEA3FD200EB8133 /* Debug */ = {
			isa = XCBuildConfiguration;
			buildSettings = {
				ASSETCATALOG_COMPILER_APPICON_NAME = AppIcon;
				ASSETCATALOG_COMPILER_GLOBAL_ACCENT_COLOR_NAME = AccentColor;
				CODE_SIGN_STYLE = Automatic;
				CURRENT_PROJECT_VERSION = 1;
				GENERATE_INFOPLIST_FILE = YES;
				INFOPLIST_FILE = Universities/SupportingFiles/Info.plist;
				INFOPLIST_KEY_UIApplicationSupportsIndirectInputEvents = YES;
				INFOPLIST_KEY_UILaunchStoryboardName = LaunchScreen;
				INFOPLIST_KEY_UIMainStoryboardFile = Main;
				INFOPLIST_KEY_UISupportedInterfaceOrientations_iPad = "UIInterfaceOrientationPortrait UIInterfaceOrientationPortraitUpsideDown UIInterfaceOrientationLandscapeLeft UIInterfaceOrientationLandscapeRight";
				INFOPLIST_KEY_UISupportedInterfaceOrientations_iPhone = "UIInterfaceOrientationPortrait UIInterfaceOrientationLandscapeLeft UIInterfaceOrientationLandscapeRight";
				LD_RUNPATH_SEARCH_PATHS = (
					"$(inherited)",
					"@executable_path/Frameworks",
				);
				MARKETING_VERSION = 1.0;
				PRODUCT_BUNDLE_IDENTIFIER = asd.asd.Universities;
				PRODUCT_NAME = "$(TARGET_NAME)";
				SWIFT_EMIT_LOC_STRINGS = YES;
				SWIFT_VERSION = 5.0;
				TARGETED_DEVICE_FAMILY = "1,2";
			};
			name = Debug;
		};
		F0D590532BEA3FD200EB8133 /* Release */ = {
			isa = XCBuildConfiguration;
			buildSettings = {
				ASSETCATALOG_COMPILER_APPICON_NAME = AppIcon;
				ASSETCATALOG_COMPILER_GLOBAL_ACCENT_COLOR_NAME = AccentColor;
				CODE_SIGN_STYLE = Automatic;
				CURRENT_PROJECT_VERSION = 1;
				GENERATE_INFOPLIST_FILE = YES;
				INFOPLIST_FILE = Universities/SupportingFiles/Info.plist;
				INFOPLIST_KEY_UIApplicationSupportsIndirectInputEvents = YES;
				INFOPLIST_KEY_UILaunchStoryboardName = LaunchScreen;
				INFOPLIST_KEY_UIMainStoryboardFile = Main;
				INFOPLIST_KEY_UISupportedInterfaceOrientations_iPad = "UIInterfaceOrientationPortrait UIInterfaceOrientationPortraitUpsideDown UIInterfaceOrientationLandscapeLeft UIInterfaceOrientationLandscapeRight";
				INFOPLIST_KEY_UISupportedInterfaceOrientations_iPhone = "UIInterfaceOrientationPortrait UIInterfaceOrientationLandscapeLeft UIInterfaceOrientationLandscapeRight";
				LD_RUNPATH_SEARCH_PATHS = (
					"$(inherited)",
					"@executable_path/Frameworks",
				);
				MARKETING_VERSION = 1.0;
				PRODUCT_BUNDLE_IDENTIFIER = asd.asd.Universities;
				PRODUCT_NAME = "$(TARGET_NAME)";
				SWIFT_EMIT_LOC_STRINGS = YES;
				SWIFT_VERSION = 5.0;
				TARGETED_DEVICE_FAMILY = "1,2";
			};
			name = Release;
		};
/* End XCBuildConfiguration section */

/* Begin XCConfigurationList section */
		F0D590352BEA3FD100EB8133 /* Build configuration list for PBXProject "Universities" */ = {
			isa = XCConfigurationList;
			buildConfigurations = (
				F0D5904F2BEA3FD200EB8133 /* Debug */,
				F0D590502BEA3FD200EB8133 /* Release */,
			);
			defaultConfigurationIsVisible = 0;
			defaultConfigurationName = Release;
		};
		F0D590512BEA3FD200EB8133 /* Build configuration list for PBXNativeTarget "Universities" */ = {
			isa = XCConfigurationList;
			buildConfigurations = (
				F0D590522BEA3FD200EB8133 /* Debug */,
				F0D590532BEA3FD200EB8133 /* Release */,
			);
			defaultConfigurationIsVisible = 0;
			defaultConfigurationName = Release;
		};
/* End XCConfigurationList section */

/* Begin XCSwiftPackageProductDependency section */
		F054B02F2BEBDA5700912D1B /* DetailsViewDelegate */ = {
			isa = XCSwiftPackageProductDependency;
			productName = DetailsViewDelegate;
		};
		F054B0332BECD7BB00912D1B /* Common */ = {
			isa = XCSwiftPackageProductDependency;
			productName = Common;
		};
		F054B0352BECF70B00912D1B /* ListModule */ = {
			isa = XCSwiftPackageProductDependency;
			productName = ListModule;
		};
		F0769E5F2BEB9138003DA2A0 /* DetailModule */ = {
			isa = XCSwiftPackageProductDependency;
			productName = DetailModule;
		};
		F0769E632BEB9138003DA2A0 /* Entities */ = {
			isa = XCSwiftPackageProductDependency;
			productName = Entities;
		};
		F0769E732BEBAB04003DA2A0 /* Data */ = {
			isa = XCSwiftPackageProductDependency;
			productName = Data;
		};
		F0D590F32BEB864400EB8133 /* Utils */ = {
			isa = XCSwiftPackageProductDependency;
			productName = Utils;
		};
/* End XCSwiftPackageProductDependency section */
	};
	rootObject = F0D590322BEA3FD100EB8133 /* Project object */;
}
